PODS:
  - Flutter (1.0.0)
  - flutter_ddshare (0.0.1):
    - Flutter

DEPENDENCIES:
  - Flutter (from `Flutter`)
  - flutter_ddshare (from `.symlinks/plugins/flutter_ddshare/ios`)

EXTERNAL SOURCES:
  Flutter:
    :path: Flutter
  flutter_ddshare:
    :path: ".symlinks/plugins/flutter_ddshare/ios"

SPEC CHECKSUMS:
  Flutter: 0e3d915762c693b495b44d77113d4970485de6ec
  flutter_ddshare: e37277c1568c9ec4fe0efdf1b4445a2aa4ea0222

PODFILE CHECKSUM: 8e679eca47255a8ca8067c4c67aab20e64cb974d

COCOAPODS: 1.10.0.beta.1
